hash: 7bb9369d783ba980782385fe78d54351d470877e7a015a272ede024a5c145bc4
updated: 2016-03-28T14:02:53.977358824+02:00
imports:
- name: github.com/BurntSushi/toml
  version: bbd5bb678321a0d6e58f1099321dfa73391c1b6f
- name: github.com/eclipse/paho.mqtt.golang
  version: 183329365eb3c151b3f8403f90c89cf4e21ed739
  subpackages:
  - packets
- name: github.com/hashicorp/logutils
  version: 0dc08b1671f34c4250ce212759ebd880f743d883
- name: github.com/labstack/echo
  version: 28ec39daaa57ea3e576db1b81a21695c1cb65927
  subpackages:
  - engine/standard
  - middleware
  - engine
- name: github.com/labstack/gommon
  version: f4ba73f8bcf88df1524069c117f7878cf530ee4e
  subpackages:
  - log
  - color
- name: github.com/mattn/go-colorable
  version: 9cbef7c35391cca05f15f8181dc0b18bc9736dbb
- name: github.com/mattn/go-isatty
  version: 56b76bdf51f7708750eac80fa38b952bb9f32639
- name: github.com/valyala/fasttemplate
  version: 3b874956e03f1636d171bda64b130f9135f42cff
- name: golang.org/x/net
  version: 1dd0d85fc0634d2dbe7f7d06d176c2ff548e6332
  subpackages:
  - context
  - websocket
- name: golang.org/x/sys
  version: 320cb01ddbbf0473674c2585f9b6e245721de355
  subpackages:
  - unix
devImports: []
